// !$*UTF8*$!
{
	archiveVersion = 1;
	classes = {
	};
	objectVersion = 46;
	objects = {

/* Begin PBXBuildFile section */
		2B6CB0721E6CB45100BFEDF8 /* AppDelegate.swift in Sources */ = {isa = PBXBuildFile; fileRef = 2B6CB0711E6CB45100BFEDF8 /* AppDelegate.swift */; };
		2B6CB0741E6CB45200BFEDF8 /* Assets.xcassets in Resources */ = {isa = PBXBuildFile; fileRef = 2B6CB0731E6CB45200BFEDF8 /* Assets.xcassets */; };
		2B6CB0771E6CB45200BFEDF8 /* MainMenu.xib in Resources */ = {isa = PBXBuildFile; fileRef = 2B6CB0751E6CB45200BFEDF8 /* MainMenu.xib */; };
		2B6CB07F1E6CBAE500BFEDF8 /* StatusMenuController.swift in Sources */ = {isa = PBXBuildFile; fileRef = 2B6CB07E1E6CBAE500BFEDF8 /* StatusMenuController.swift */; };
		2B6CB0811E6CBFAB00BFEDF8 /* CoinbaseAPI.swift in Sources */ = {isa = PBXBuildFile; fileRef = 2B6CB0801E6CBFAB00BFEDF8 /* CoinbaseAPI.swift */; };
/* End PBXBuildFile section */

/* Begin PBXFileReference section */
		2B6CB06E1E6CB45100BFEDF8 /* Coiny.app */ = {isa = PBXFileReference; explicitFileType = wrapper.application; includeInIndex = 0; path = Coiny.app; sourceTree = BUILT_PRODUCTS_DIR; };
		2B6CB0711E6CB45100BFEDF8 /* AppDelegate.swift */ = {isa = PBXFileReference; lastKnownFileType = sourcecode.swift; path = AppDelegate.swift; sourceTree = "<group>"; };
		2B6CB0731E6CB45200BFEDF8 /* Assets.xcassets */ = {isa = PBXFileReference; lastKnownFileType = folder.assetcatalog; path = Assets.xcassets; sourceTree = "<group>"; };
		2B6CB0761E6CB45200BFEDF8 /* Base */ = {isa = PBXFileReference; lastKnownFileType = file.xib; name = Base; path = Base.lproj/MainMenu.xib; sourceTree = "<group>"; };
		2B6CB0781E6CB45200BFEDF8 /* Info.plist */ = {isa = PBXFileReference; lastKnownFileType = text.plist.xml; path = Info.plist; sourceTree = "<group>"; };
		2B6CB07E1E6CBAE500BFEDF8 /* StatusMenuController.swift */ = {isa = PBXFileReference; fileEncoding = 4; lastKnownFileType = sourcecode.swift; path = StatusMenuController.swift; sourceTree = "<group>"; };
		2B6CB0801E6CBFAB00BFEDF8 /* CoinbaseAPI.swift */ = {isa = PBXFileReference; fileEncoding = 4; lastKnownFileType = sourcecode.swift; path = CoinbaseAPI.swift; sourceTree = "<group>"; };
		2B6CB0821E6CF43F00BFEDF8 /* Coiny.entitlements */ = {isa = PBXFileReference; lastKnownFileType = text.plist.entitlements; path = Coiny.entitlements; sourceTree = "<group>"; };
/* End PBXFileReference section */

/* Begin PBXFrameworksBuildPhase section */
		2B6CB06B1E6CB45100BFEDF8 /* Frameworks */ = {
			isa = PBXFrameworksBuildPhase;
			buildActionMask = 2147483647;
			files = (
			);
			runOnlyForDeploymentPostprocessing = 0;
		};
/* End PBXFrameworksBuildPhase section */

/* Begin PBXGroup section */
		2B6CB0651E6CB45100BFEDF8 = {
			isa = PBXGroup;
			children = (
				2B6CB0701E6CB45100BFEDF8 /* Coiny */,
				2B6CB06F1E6CB45100BFEDF8 /* Products */,
			);
			sourceTree = "<group>";
		};
		2B6CB06F1E6CB45100BFEDF8 /* Products */ = {
			isa = PBXGroup;
			children = (
				2B6CB06E1E6CB45100BFEDF8 /* Coiny.app */,
			);
			name = Products;
			sourceTree = "<group>";
		};
		2B6CB0701E6CB45100BFEDF8 /* Coiny */ = {
			isa = PBXGroup;
			children = (
				2B6CB0821E6CF43F00BFEDF8 /* Coiny.entitlements */,
				2B6CB0711E6CB45100BFEDF8 /* AppDelegate.swift */,
				2B6CB0731E6CB45200BFEDF8 /* Assets.xcassets */,
				2B6CB0751E6CB45200BFEDF8 /* MainMenu.xib */,
				2B6CB0801E6CBFAB00BFEDF8 /* CoinbaseAPI.swift */,
				2B6CB07E1E6CBAE500BFEDF8 /* StatusMenuController.swift */,
				2B6CB0781E6CB45200BFEDF8 /* Info.plist */,
			);
			path = Coiny;
			sourceTree = "<group>";
		};
/* End PBXGroup section */

/* Begin PBXNativeTarget section */
		2B6CB06D1E6CB45100BFEDF8 /* Coiny */ = {
			isa = PBXNativeTarget;
			buildConfigurationList = 2B6CB07B1E6CB45200BFEDF8 /* Build configuration list for PBXNativeTarget "Coiny" */;
			buildPhases = (
				2B6CB06A1E6CB45100BFEDF8 /* Sources */,
				2B6CB06B1E6CB45100BFEDF8 /* Frameworks */,
				2B6CB06C1E6CB45100BFEDF8 /* Resources */,
			);
			buildRules = (
			);
			dependencies = (
			);
			name = Coiny;
			productName = Coiny;
			productReference = 2B6CB06E1E6CB45100BFEDF8 /* Coiny.app */;
			productType = "com.apple.product-type.application";
		};
/* End PBXNativeTarget section */

/* Begin PBXProject section */
		2B6CB0661E6CB45100BFEDF8 /* Project object */ = {
			isa = PBXProject;
			attributes = {
				LastSwiftUpdateCheck = 0820;
				LastUpgradeCheck = 0820;
				ORGANIZATIONNAME = "Krzysztof Kraszewski";
				TargetAttributes = {
					2B6CB06D1E6CB45100BFEDF8 = {
						CreatedOnToolsVersion = 8.2.1;
						DevelopmentTeam = 655BH5DG56;
						ProvisioningStyle = Automatic;
						SystemCapabilities = {
							com.apple.Sandbox = {
								enabled = 0;
							};
						};
					};
				};
			};
			buildConfigurationList = 2B6CB0691E6CB45100BFEDF8 /* Build configuration list for PBXProject "Coiny" */;
			compatibilityVersion = "Xcode 3.2";
			developmentRegion = English;
			hasScannedForEncodings = 0;
			knownRegions = (
				en,
				Base,
			);
			mainGroup = 2B6CB0651E6CB45100BFEDF8;
			productRefGroup = 2B6CB06F1E6CB45100BFEDF8 /* Products */;
			projectDirPath = "";
			projectRoot = "";
			targets = (
				2B6CB06D1E6CB45100BFEDF8 /* Coiny */,
			);
		};
/* End PBXProject section */

/* Begin PBXResourcesBuildPhase section */
		2B6CB06C1E6CB45100BFEDF8 /* Resources */ = {
			isa = PBXResourcesBuildPhase;
			buildActionMask = 2147483647;
			files = (
				2B6CB0741E6CB45200BFEDF8 /* Assets.xcassets in Resources */,
				2B6CB0771E6CB45200BFEDF8 /* MainMenu.xib in Resources */,
			);
			runOnlyForDeploymentPostprocessing = 0;
		};
/* End PBXResourcesBuildPhase section */

/* Begin PBXSourcesBuildPhase section */
		2B6CB06A1E6CB45100BFEDF8 /* Sources */ = {
			isa = PBXSourcesBuildPhase;
			buildActionMask = 2147483647;
			files = (
				2B6CB0811E6CBFAB00BFEDF8 /* CoinbaseAPI.swift in Sources */,
				2B6CB07F1E6CBAE500BFEDF8 /* StatusMenuController.swift in Sources */,
				2B6CB0721E6CB45100BFEDF8 /* AppDelegate.swift in Sources */,
			);
			runOnlyForDeploymentPostprocessing = 0;
		};
/* End PBXSourcesBuildPhase section */

/* Begin PBXVariantGroup section */
		2B6CB0751E6CB45200BFEDF8 /* MainMenu.xib */ = {
			isa = PBXVariantGroup;
			children = (
				2B6CB0761E6CB45200BFEDF8 /* Base */,
			);
			name = MainMenu.xib;
			sourceTree = "<group>";
		};
/* End PBXVariantGroup section */

/* Begin XCBuildConfiguration section */
		2B6CB0791E6CB45200BFEDF8 /* Debug */ = {
			isa = XCBuildConfiguration;
			buildSettings = {
				ALWAYS_SEARCH_USER_PATHS = NO;
				CLANG_ANALYZER_NONNULL = YES;
				CLANG_CXX_LANGUAGE_STANDARD = "gnu++0x";
				CLANG_CXX_LIBRARY = "libc++";
				CLANG_ENABLE_MODULES = YES;
				CLANG_ENABLE_OBJC_ARC = YES;
				CLANG_WARN_BOOL_CONVERSION = YES;
				CLANG_WARN_CONSTANT_CONVERSION = YES;
				CLANG_WARN_DIRECT_OBJC_ISA_USAGE = YES_ERROR;
				CLANG_WARN_DOCUMENTATION_COMMENTS = YES;
				CLANG_WARN_EMPTY_BODY = YES;
				CLANG_WARN_ENUM_CONVERSION = YES;
				CLANG_WARN_INFINITE_RECURSION = YES;
				CLANG_WARN_INT_CONVERSION = YES;
				CLANG_WARN_OBJC_ROOT_CLASS = YES_ERROR;
				CLANG_WARN_SUSPICIOUS_MOVE = YES;
				CLANG_WARN_UNREACHABLE_CODE = YES;
				CLANG_WARN__DUPLICATE_METHOD_MATCH = YES;
				CODE_SIGN_IDENTITY = "-";
				COPY_PHASE_STRIP = NO;
				DEBUG_INFORMATION_FORMAT = dwarf;
				ENABLE_STRICT_OBJC_MSGSEND = YES;
				ENABLE_TESTABILITY = YES;
				GCC_C_LANGUAGE_STANDARD = gnu99;
				GCC_DYNAMIC_NO_PIC = NO;
				GCC_NO_COMMON_BLOCKS = YES;
				GCC_OPTIMIZATION_LEVEL = 0;
				GCC_PREPROCESSOR_DEFINITIONS = (
					"DEBUG=1",
					"$(inherited)",
				);
				GCC_WARN_64_TO_32_BIT_CONVERSION = YES;
				GCC_WARN_ABOUT_RETURN_TYPE = YES_ERROR;
				GCC_WARN_UNDECLARED_SELECTOR = YES;
				GCC_WARN_UNINITIALIZED_AUTOS = YES_AGGRESSIVE;
				GCC_WARN_UNUSED_FUNCTION = YES;
				GCC_WARN_UNUSED_VARIABLE = YES;
				MACOSX_DEPLOYMENT_TARGET = 10.11;
				MTL_ENABLE_DEBUG_INFO = YES;
				ONLY_ACTIVE_ARCH = YES;
				SDKROOT = macosx;
				SWIFT_ACTIVE_COMPILATION_CONDITIONS = DEBUG;
				SWIFT_OPTIMIZATION_LEVEL = "-Onone";
			};
			name = Debug;
		};
		2B6CB07A1E6CB45200BFEDF8 /* Release */ = {
			isa = XCBuildConfiguration;
			buildSettings = {
				ALWAYS_SEARCH_USER_PATHS = NO;
				CLANG_ANALYZER_NONNULL = YES;
				CLANG_CXX_LANGUAGE_STANDARD = "gnu++0x";
				CLANG_CXX_LIBRARY = "libc++";
				CLANG_ENABLE_MODULES = YES;
				CLANG_ENABLE_OBJC_ARC = YES;
				CLANG_WARN_BOOL_CONVERSION = YES;
				CLANG_WARN_CONSTANT_CONVERSION = YES;
				CLANG_WARN_DIRECT_OBJC_ISA_USAGE = YES_ERROR;
				CLANG_WARN_DOCUMENTATION_COMMENTS = YES;
				CLANG_WARN_EMPTY_BODY = YES;
				CLANG_WARN_ENUM_CONVERSION = YES;
				CLANG_WARN_INFINITE_RECURSION = YES;
				CLANG_WARN_INT_CONVERSION = YES;
				CLANG_WARN_OBJC_ROOT_CLASS = YES_ERROR;
				CLANG_WARN_SUSPICIOUS_MOVE = YES;
				CLANG_WARN_UNREACHABLE_CODE = YES;
				CLANG_WARN__DUPLICATE_METHOD_MATCH = YES;
				CODE_SIGN_IDENTITY = "-";
				COPY_PHASE_STRIP = NO;
				DEBUG_INFORMATION_FORMAT = "dwarf-with-dsym";
				ENABLE_NS_ASSERTIONS = NO;
				ENABLE_STRICT_OBJC_MSGSEND = YES;
				GCC_C_LANGUAGE_STANDARD = gnu99;
				GCC_NO_COMMON_BLOCKS = YES;
				GCC_WARN_64_TO_32_BIT_CONVERSION = YES;
				GCC_WARN_ABOUT_RETURN_TYPE = YES_ERROR;
				GCC_WARN_UNDECLARED_SELECTOR = YES;
				GCC_WARN_UNINITIALIZED_AUTOS = YES_AGGRESSIVE;
				GCC_WARN_UNUSED_FUNCTION = YES;
				GCC_WARN_UNUSED_VARIABLE = YES;
				MACOSX_DEPLOYMENT_TARGET = 10.11;
				MTL_ENABLE_DEBUG_INFO = NO;
				SDKROOT = macosx;
				SWIFT_OPTIMIZATION_LEVEL = "-Owholemodule";
			};
			name = Release;
		};
		2B6CB07C1E6CB45200BFEDF8 /* Debug */ = {
			isa = XCBuildConfiguration;
			buildSettings = {
				ASSETCATALOG_COMPILER_APPICON_NAME = AppIcon;
				CODE_SIGN_ENTITLEMENTS = Coiny/Coiny.entitlements;
				COMBINE_HIDPI_IMAGES = YES;
				DEVELOPMENT_TEAM = 655BH5DG56;
				INFOPLIST_FILE = Coiny/Info.plist;
				LD_RUNPATH_SEARCH_PATHS = "$(inherited) @executable_path/../Frameworks";
				MACOSX_DEPLOYMENT_TARGET = 10.9;
				PRODUCT_BUNDLE_IDENTIFIER = co.krszwsk.Coiny;
				PRODUCT_NAME = "$(TARGET_NAME)";
				SWIFT_VERSION = 3.0;
			};
			name = Debug;
		};
		2B6CB07D1E6CB45200BFEDF8 /* Release */ = {
			isa = XCBuildConfiguration;
			buildSettings = {
				ASSETCATALOG_COMPILER_APPICON_NAME = AppIcon;
				CODE_SIGN_ENTITLEMENTS = Coiny/Coiny.entitlements;
				COMBINE_HIDPI_IMAGES = YES;
				DEVELOPMENT_TEAM = 655BH5DG56;
				INFOPLIST_FILE = Coiny/Info.plist;
				LD_RUNPATH_SEARCH_PATHS = "$(inherited) @executable_path/../Frameworks";
				MACOSX_DEPLOYMENT_TARGET = 10.9;
				PRODUCT_BUNDLE_IDENTIFIER = co.krszwsk.Coiny;
				PRODUCT_NAME = "$(TARGET_NAME)";
				SWIFT_VERSION = 3.0;
			};
			name = Release;
		};
/* End XCBuildConfiguration section */

/* Begin XCConfigurationList section */
		2B6CB0691E6CB45100BFEDF8 /* Build configuration list for PBXProject "Coiny" */ = {
			isa = XCConfigurationList;
			buildConfigurations = (
				2B6CB0791E6CB45200BFEDF8 /* Debug */,
				2B6CB07A1E6CB45200BFEDF8 /* Release */,
			);
			defaultConfigurationIsVisible = 0;
			defaultConfigurationName = Release;
		};
		2B6CB07B1E6CB45200BFEDF8 /* Build configuration list for PBXNativeTarget "Coiny" */ = {
			isa = XCConfigurationList;
			buildConfigurations = (
				2B6CB07C1E6CB45200BFEDF8 /* Debug */,
				2B6CB07D1E6CB45200BFEDF8 /* Release */,
			);
			defaultConfigurationIsVisible = 0;
		};
/* End XCConfigurationList section */
	};
	rootObject = 2B6CB0661E6CB45100BFEDF8 /* Project object */;
}
